
Microsoft Visual Studio Solution File, Format Version 12.00
# Visual Studio Version 17
VisualStudioVersion = 17.8.34525.116
MinimumVisualStudioVersion = 10.0.40219.1
Project("{FAE04EC0-301F-11D3-BF4B-00C04F79EFBC}") = "SmartGroceries", "SmartGroceries\SmartGroceries.csproj", "{C6C8CC50-8F40-493B-B1C6-65C34445B7E2}"
EndProject
Global
	GlobalSection(SolutionConfigurationPlatforms) = preSolution
		Debug|Any CPU = Debug|Any CPU
		Release|Any CPU = Release|Any CPU
	EndGlobalSection
	GlobalSection(ProjectConfigurationPlatforms) = postSolution
		{C6C8CC50-8F40-493B-B1C6-65C34445B7E2}.Debug|Any CPU.ActiveCfg = Debug|Any CPU
		{C6C8CC50-8F40-493B-B1C6-65C34445B7E2}.Debug|Any CPU.Build.0 = Debug|Any CPU
		{C6C8CC50-8F40-493B-B1C6-65C34445B7E2}.Release|Any CPU.ActiveCfg = Release|Any CPU
		{C6C8CC50-8F40-493B-B1C6-65C34445B7E2}.Release|Any CPU.Build.0 = Release|Any CPU
	EndGlobalSection
	GlobalSection(SolutionProperties) = preSolution
		HideSolutionNode = FALSE
	EndGlobalSection
	GlobalSection(ExtensibilityGlobals) = postSolution
		SolutionGuid = {275A1F23-EFA4-4119-834E-0F5E892A9FE8}
	EndGlobalSection
EndGlobal
